
Microsoft Visual Studio Solution File, Format Version 12.00
# Visual Studio Version 17
VisualStudioVersion = 17.13.35825.156 d17.13
MinimumVisualStudioVersion = 10.0.40219.1
Project("{FAE04EC0-301F-11D3-BF4B-00C04F79EFBC}") = "пр2задание2", "пр2задание2\пр2задание2.csproj", "{18D3A800-9B71-43F1-86B3-11B5D007AC46}"
EndProject
Global
	GlobalSection(SolutionConfigurationPlatforms) = preSolution
		Debug|Any CPU = Debug|Any CPU
		Release|Any CPU = Release|Any CPU
	EndGlobalSection
	GlobalSection(ProjectConfigurationPlatforms) = postSolution
		{18D3A800-9B71-43F1-86B3-11B5D007AC46}.Debug|Any CPU.ActiveCfg = Debug|Any CPU
		{18D3A800-9B71-43F1-86B3-11B5D007AC46}.Debug|Any CPU.Build.0 = Debug|Any CPU
		{18D3A800-9B71-43F1-86B3-11B5D007AC46}.Release|Any CPU.ActiveCfg = Release|Any CPU
		{18D3A800-9B71-43F1-86B3-11B5D007AC46}.Release|Any CPU.Build.0 = Release|Any CPU
	EndGlobalSection
	GlobalSection(SolutionProperties) = preSolution
		HideSolutionNode = FALSE
	EndGlobalSection
	GlobalSection(ExtensibilityGlobals) = postSolution
		SolutionGuid = {8A10B74D-DC39-43DB-BA2A-99B75C30279F}
	EndGlobalSection
EndGlobal
