
Microsoft Visual Studio Solution File, Format Version 12.00
# Visual Studio Version 17
VisualStudioVersion = 17.14.36429.23 d17.14
MinimumVisualStudioVersion = 10.0.40219.1
Project("{FAE04EC0-301F-11D3-BF4B-00C04F79EFBC}") = "практика3", "практика3\практика3.csproj", "{5AB61802-A335-4EA1-84AE-B437A2C68DBE}"
EndProject
Global
	GlobalSection(SolutionConfigurationPlatforms) = preSolution
		Debug|Any CPU = Debug|Any CPU
		Release|Any CPU = Release|Any CPU
	EndGlobalSection
	GlobalSection(ProjectConfigurationPlatforms) = postSolution
		{5AB61802-A335-4EA1-84AE-B437A2C68DBE}.Debug|Any CPU.ActiveCfg = Debug|Any CPU
		{5AB61802-A335-4EA1-84AE-B437A2C68DBE}.Debug|Any CPU.Build.0 = Debug|Any CPU
		{5AB61802-A335-4EA1-84AE-B437A2C68DBE}.Release|Any CPU.ActiveCfg = Release|Any CPU
		{5AB61802-A335-4EA1-84AE-B437A2C68DBE}.Release|Any CPU.Build.0 = Release|Any CPU
	EndGlobalSection
	GlobalSection(SolutionProperties) = preSolution
		HideSolutionNode = FALSE
	EndGlobalSection
	GlobalSection(ExtensibilityGlobals) = postSolution
		SolutionGuid = {0A6559EC-606E-4BFB-9675-F4B0ED4D703D}
	EndGlobalSection
EndGlobal
