
Microsoft Visual Studio Solution File, Format Version 12.00
# Visual Studio Version 17
VisualStudioVersion = 17.13.35825.156 d17.13
MinimumVisualStudioVersion = 10.0.40219.1
Project("{FAE04EC0-301F-11D3-BF4B-00C04F79EFBC}") = "практика1", "практика1\практика1.csproj", "{832EAD14-404D-45C4-9C44-035119DD188B}"
EndProject
Global
	GlobalSection(SolutionConfigurationPlatforms) = preSolution
		Debug|Any CPU = Debug|Any CPU
		Release|Any CPU = Release|Any CPU
	EndGlobalSection
	GlobalSection(ProjectConfigurationPlatforms) = postSolution
		{832EAD14-404D-45C4-9C44-035119DD188B}.Debug|Any CPU.ActiveCfg = Debug|Any CPU
		{832EAD14-404D-45C4-9C44-035119DD188B}.Debug|Any CPU.Build.0 = Debug|Any CPU
		{832EAD14-404D-45C4-9C44-035119DD188B}.Release|Any CPU.ActiveCfg = Release|Any CPU
		{832EAD14-404D-45C4-9C44-035119DD188B}.Release|Any CPU.Build.0 = Release|Any CPU
	EndGlobalSection
	GlobalSection(SolutionProperties) = preSolution
		HideSolutionNode = FALSE
	EndGlobalSection
	GlobalSection(ExtensibilityGlobals) = postSolution
		SolutionGuid = {F921A01D-B345-4E10-8F00-11E5349038ED}
	EndGlobalSection
EndGlobal
