
Microsoft Visual Studio Solution File, Format Version 12.00
# Visual Studio Version 17
VisualStudioVersion = 17.14.36429.23 d17.14
MinimumVisualStudioVersion = 10.0.40219.1
Project("{FAE04EC0-301F-11D3-BF4B-00C04F79EFBC}") = "практика5", "практика5\практика5.csproj", "{DDA6BD91-8D44-4CCE-882C-AC5F742849D6}"
EndProject
Global
	GlobalSection(SolutionConfigurationPlatforms) = preSolution
		Debug|Any CPU = Debug|Any CPU
		Release|Any CPU = Release|Any CPU
	EndGlobalSection
	GlobalSection(ProjectConfigurationPlatforms) = postSolution
		{DDA6BD91-8D44-4CCE-882C-AC5F742849D6}.Debug|Any CPU.ActiveCfg = Debug|Any CPU
		{DDA6BD91-8D44-4CCE-882C-AC5F742849D6}.Debug|Any CPU.Build.0 = Debug|Any CPU
		{DDA6BD91-8D44-4CCE-882C-AC5F742849D6}.Release|Any CPU.ActiveCfg = Release|Any CPU
		{DDA6BD91-8D44-4CCE-882C-AC5F742849D6}.Release|Any CPU.Build.0 = Release|Any CPU
	EndGlobalSection
	GlobalSection(SolutionProperties) = preSolution
		HideSolutionNode = FALSE
	EndGlobalSection
	GlobalSection(ExtensibilityGlobals) = postSolution
		SolutionGuid = {755D24CA-8082-4188-90EB-C4B3B6E37FB0}
	EndGlobalSection
EndGlobal
